{
  "name": "tokyo_shibuya_vue_dev",
  "version": "1.1.0",
  "lockfileVersion": 1,
  "requires": true,
  "dependencies": {
    "@types/expect": {
      "version": "1.20.3",
      "resolved": "https://registry.npmjs.org/@types/expect/-/expect-1.20.3.tgz",
      "integrity": "sha512-g0+CQosizg1hjNn06fKB2tEvS5kExrvVOkIfsGuIRfsQ/A9u/Xjp/6/czJVyLuCYdkmMbplDUXvQW+YjBQK7dA==",
      "dev": true
    }
  }
}
